
Microsoft Visual Studio Solution File, Format Version 12.00
# Visual Studio 15
VisualStudioVersion = 15.0.26124.0
MinimumVisualStudioVersion = 15.0.26124.0
Project("{9A19103F-16F7-4668-BE54-9A1E7A4F7556}") = "R5T.Evosmos.Thessaloniki.Construction", "R5T.Evosmos.Thessaloniki.Construction\R5T.Evosmos.Thessaloniki.Construction.csproj", "{3AE93091-5529-4DE6-9E38-11C9CA4DBBDE}"
EndProject
Project("{9A19103F-16F7-4668-BE54-9A1E7A4F7556}") = "R5T.Evosmos.Thessaloniki", "R5T.Evosmos.Thessaloniki\R5T.Evosmos.Thessaloniki.csproj", "{5E830105-9593-4C44-BF5D-0046ADFC1716}"
EndProject
Project("{9A19103F-16F7-4668-BE54-9A1E7A4F7556}") = "R5T.Evosmos.Thessaloniki.Testing", "R5T.Evosmos.Thessaloniki.Testing\R5T.Evosmos.Thessaloniki.Testing.csproj", "{CF29E2BD-1F43-4D36-A5CD-388D0A8C3282}"
EndProject
Project("{2150E333-8FDC-42A3-9474-1A3956D46DE8}") = "_Dependencies", "_Dependencies", "{378BCF83-43A5-4EB9-9617-4EB3B5585554}"
EndProject
Project("{9A19103F-16F7-4668-BE54-9A1E7A4F7556}") = "R5T.Evosmos.Base", "..\..\R5T.Evosmos.Base\source\R5T.Evosmos.Base\R5T.Evosmos.Base.csproj", "{D99BF737-B32A-4B89-8B65-E20D125EB3EE}"
EndProject
Project("{9A19103F-16F7-4668-BE54-9A1E7A4F7556}") = "R5T.Thessaloniki.Base", "..\..\R5T.Thessaloniki.Base\source\R5T.Thessaloniki.Base\R5T.Thessaloniki.Base.csproj", "{F9B06292-DF41-4895-9E1E-2904BECE32B8}"
EndProject
Project("{9A19103F-16F7-4668-BE54-9A1E7A4F7556}") = "R5T.Lombardy.Base", "..\..\R5T.Lombardy.Base\source\R5T.Lombardy.Base\R5T.Lombardy.Base.csproj", "{D3A659D2-42C3-4091-B7C5-AFC2DB8FED4F}"
EndProject
Global
	GlobalSection(SolutionConfigurationPlatforms) = preSolution
		Debug|Any CPU = Debug|Any CPU
		Debug|x64 = Debug|x64
		Debug|x86 = Debug|x86
		Release|Any CPU = Release|Any CPU
		Release|x64 = Release|x64
		Release|x86 = Release|x86
	EndGlobalSection
	GlobalSection(ProjectConfigurationPlatforms) = postSolution
		{3AE93091-5529-4DE6-9E38-11C9CA4DBBDE}.Debug|Any CPU.ActiveCfg = Debug|Any CPU
		{3AE93091-5529-4DE6-9E38-11C9CA4DBBDE}.Debug|Any CPU.Build.0 = Debug|Any CPU
		{3AE93091-5529-4DE6-9E38-11C9CA4DBBDE}.Debug|x64.ActiveCfg = Debug|Any CPU
		{3AE93091-5529-4DE6-9E38-11C9CA4DBBDE}.Debug|x64.Build.0 = Debug|Any CPU
		{3AE93091-5529-4DE6-9E38-11C9CA4DBBDE}.Debug|x86.ActiveCfg = Debug|Any CPU
		{3AE93091-5529-4DE6-9E38-11C9CA4DBBDE}.Debug|x86.Build.0 = Debug|Any CPU
		{3AE93091-5529-4DE6-9E38-11C9CA4DBBDE}.Release|Any CPU.ActiveCfg = Release|Any CPU
		{3AE93091-5529-4DE6-9E38-11C9CA4DBBDE}.Release|Any CPU.Build.0 = Release|Any CPU
		{3AE93091-5529-4DE6-9E38-11C9CA4DBBDE}.Release|x64.ActiveCfg = Release|Any CPU
		{3AE93091-5529-4DE6-9E38-11C9CA4DBBDE}.Release|x64.Build.0 = Release|Any CPU
		{3AE93091-5529-4DE6-9E38-11C9CA4DBBDE}.Release|x86.ActiveCfg = Release|Any CPU
		{3AE93091-5529-4DE6-9E38-11C9CA4DBBDE}.Release|x86.Build.0 = Release|Any CPU
		{5E830105-9593-4C44-BF5D-0046ADFC1716}.Debug|Any CPU.ActiveCfg = Debug|Any CPU
		{5E830105-9593-4C44-BF5D-0046ADFC1716}.Debug|Any CPU.Build.0 = Debug|Any CPU
		{5E830105-9593-4C44-BF5D-0046ADFC1716}.Debug|x64.ActiveCfg = Debug|Any CPU
		{5E830105-9593-4C44-BF5D-0046ADFC1716}.Debug|x64.Build.0 = Debug|Any CPU
		{5E830105-9593-4C44-BF5D-0046ADFC1716}.Debug|x86.ActiveCfg = Debug|Any CPU
		{5E830105-9593-4C44-BF5D-0046ADFC1716}.Debug|x86.Build.0 = Debug|Any CPU
		{5E830105-9593-4C44-BF5D-0046ADFC1716}.Release|Any CPU.ActiveCfg = Release|Any CPU
		{5E830105-9593-4C44-BF5D-0046ADFC1716}.Release|Any CPU.Build.0 = Release|Any CPU
		{5E830105-9593-4C44-BF5D-0046ADFC1716}.Release|x64.ActiveCfg = Release|Any CPU
		{5E830105-9593-4C44-BF5D-0046ADFC1716}.Release|x64.Build.0 = Release|Any CPU
		{5E830105-9593-4C44-BF5D-0046ADFC1716}.Release|x86.ActiveCfg = Release|Any CPU
		{5E830105-9593-4C44-BF5D-0046ADFC1716}.Release|x86.Build.0 = Release|Any CPU
		{CF29E2BD-1F43-4D36-A5CD-388D0A8C3282}.Debug|Any CPU.ActiveCfg = Debug|Any CPU
		{CF29E2BD-1F43-4D36-A5CD-388D0A8C3282}.Debug|Any CPU.Build.0 = Debug|Any CPU
		{CF29E2BD-1F43-4D36-A5CD-388D0A8C3282}.Debug|x64.ActiveCfg = Debug|Any CPU
		{CF29E2BD-1F43-4D36-A5CD-388D0A8C3282}.Debug|x64.Build.0 = Debug|Any CPU
		{CF29E2BD-1F43-4D36-A5CD-388D0A8C3282}.Debug|x86.ActiveCfg = Debug|Any CPU
		{CF29E2BD-1F43-4D36-A5CD-388D0A8C3282}.Debug|x86.Build.0 = Debug|Any CPU
		{CF29E2BD-1F43-4D36-A5CD-388D0A8C3282}.Release|Any CPU.ActiveCfg = Release|Any CPU
		{CF29E2BD-1F43-4D36-A5CD-388D0A8C3282}.Release|Any CPU.Build.0 = Release|Any CPU
		{CF29E2BD-1F43-4D36-A5CD-388D0A8C3282}.Release|x64.ActiveCfg = Release|Any CPU
		{CF29E2BD-1F43-4D36-A5CD-388D0A8C3282}.Release|x64.Build.0 = Release|Any CPU
		{CF29E2BD-1F43-4D36-A5CD-388D0A8C3282}.Release|x86.ActiveCfg = Release|Any CPU
		{CF29E2BD-1F43-4D36-A5CD-388D0A8C3282}.Release|x86.Build.0 = Release|Any CPU
		{D99BF737-B32A-4B89-8B65-E20D125EB3EE}.Debug|Any CPU.ActiveCfg = Debug|Any CPU
		{D99BF737-B32A-4B89-8B65-E20D125EB3EE}.Debug|Any CPU.Build.0 = Debug|Any CPU
		{D99BF737-B32A-4B89-8B65-E20D125EB3EE}.Debug|x64.ActiveCfg = Debug|Any CPU
		{D99BF737-B32A-4B89-8B65-E20D125EB3EE}.Debug|x64.Build.0 = Debug|Any CPU
		{D99BF737-B32A-4B89-8B65-E20D125EB3EE}.Debug|x86.ActiveCfg = Debug|Any CPU
		{D99BF737-B32A-4B89-8B65-E20D125EB3EE}.Debug|x86.Build.0 = Debug|Any CPU
		{D99BF737-B32A-4B89-8B65-E20D125EB3EE}.Release|Any CPU.ActiveCfg = Release|Any CPU
		{D99BF737-B32A-4B89-8B65-E20D125EB3EE}.Release|Any CPU.Build.0 = Release|Any CPU
		{D99BF737-B32A-4B89-8B65-E20D125EB3EE}.Release|x64.ActiveCfg = Release|Any CPU
		{D99BF737-B32A-4B89-8B65-E20D125EB3EE}.Release|x64.Build.0 = Release|Any CPU
		{D99BF737-B32A-4B89-8B65-E20D125EB3EE}.Release|x86.ActiveCfg = Release|Any CPU
		{D99BF737-B32A-4B89-8B65-E20D125EB3EE}.Release|x86.Build.0 = Release|Any CPU
		{F9B06292-DF41-4895-9E1E-2904BECE32B8}.Debug|Any CPU.ActiveCfg = Debug|Any CPU
		{F9B06292-DF41-4895-9E1E-2904BECE32B8}.Debug|Any CPU.Build.0 = Debug|Any CPU
		{F9B06292-DF41-4895-9E1E-2904BECE32B8}.Debug|x64.ActiveCfg = Debug|Any CPU
		{F9B06292-DF41-4895-9E1E-2904BECE32B8}.Debug|x64.Build.0 = Debug|Any CPU
		{F9B06292-DF41-4895-9E1E-2904BECE32B8}.Debug|x86.ActiveCfg = Debug|Any CPU
		{F9B06292-DF41-4895-9E1E-2904BECE32B8}.Debug|x86.Build.0 = Debug|Any CPU
		{F9B06292-DF41-4895-9E1E-2904BECE32B8}.Release|Any CPU.ActiveCfg = Release|Any CPU
		{F9B06292-DF41-4895-9E1E-2904BECE32B8}.Release|Any CPU.Build.0 = Release|Any CPU
		{F9B06292-DF41-4895-9E1E-2904BECE32B8}.Release|x64.ActiveCfg = Release|Any CPU
		{F9B06292-DF41-4895-9E1E-2904BECE32B8}.Release|x64.Build.0 = Release|Any CPU
		{F9B06292-DF41-4895-9E1E-2904BECE32B8}.Release|x86.ActiveCfg = Release|Any CPU
		{F9B06292-DF41-4895-9E1E-2904BECE32B8}.Release|x86.Build.0 = Release|Any CPU
		{D3A659D2-42C3-4091-B7C5-AFC2DB8FED4F}.Debug|Any CPU.ActiveCfg = Debug|Any CPU
		{D3A659D2-42C3-4091-B7C5-AFC2DB8FED4F}.Debug|Any CPU.Build.0 = Debug|Any CPU
		{D3A659D2-42C3-4091-B7C5-AFC2DB8FED4F}.Debug|x64.ActiveCfg = Debug|Any CPU
		{D3A659D2-42C3-4091-B7C5-AFC2DB8FED4F}.Debug|x64.Build.0 = Debug|Any CPU
		{D3A659D2-42C3-4091-B7C5-AFC2DB8FED4F}.Debug|x86.ActiveCfg = Debug|Any CPU
		{D3A659D2-42C3-4091-B7C5-AFC2DB8FED4F}.Debug|x86.Build.0 = Debug|Any CPU
		{D3A659D2-42C3-4091-B7C5-AFC2DB8FED4F}.Release|Any CPU.ActiveCfg = Release|Any CPU
		{D3A659D2-42C3-4091-B7C5-AFC2DB8FED4F}.Release|Any CPU.Build.0 = Release|Any CPU
		{D3A659D2-42C3-4091-B7C5-AFC2DB8FED4F}.Release|x64.ActiveCfg = Release|Any CPU
		{D3A659D2-42C3-4091-B7C5-AFC2DB8FED4F}.Release|x64.Build.0 = Release|Any CPU
		{D3A659D2-42C3-4091-B7C5-AFC2DB8FED4F}.Release|x86.ActiveCfg = Release|Any CPU
		{D3A659D2-42C3-4091-B7C5-AFC2DB8FED4F}.Release|x86.Build.0 = Release|Any CPU
	EndGlobalSection
	GlobalSection(SolutionProperties) = preSolution
		HideSolutionNode = FALSE
	EndGlobalSection
	GlobalSection(NestedProjects) = preSolution
		{D99BF737-B32A-4B89-8B65-E20D125EB3EE} = {378BCF83-43A5-4EB9-9617-4EB3B5585554}
		{F9B06292-DF41-4895-9E1E-2904BECE32B8} = {378BCF83-43A5-4EB9-9617-4EB3B5585554}
		{D3A659D2-42C3-4091-B7C5-AFC2DB8FED4F} = {378BCF83-43A5-4EB9-9617-4EB3B5585554}
	EndGlobalSection
	GlobalSection(ExtensibilityGlobals) = postSolution
		SolutionGuid = {1E8BC8B6-15CD-4242-ACDD-0CCA0B28250E}
	EndGlobalSection
EndGlobal
